
Microsoft Visual Studio Solution File, Format Version 12.00
# Visual Studio Version 16
VisualStudioVersion = 16.0.30717.126
MinimumVisualStudioVersion = 10.0.40219.1
Project("{FAE04EC0-301F-11D3-BF4B-00C04F79EFBC}") = "SnackisAPI", "SnackisAPI.csproj", "{DA6CEA8C-EA9E-4905-8A8C-48FFF0F621BE}"
EndProject
Global
	GlobalSection(SolutionConfigurationPlatforms) = preSolution
		Debug|Any CPU = Debug|Any CPU
		Release|Any CPU = Release|Any CPU
	EndGlobalSection
	GlobalSection(ProjectConfigurationPlatforms) = postSolution
		{DA6CEA8C-EA9E-4905-8A8C-48FFF0F621BE}.Debug|Any CPU.ActiveCfg = Debug|Any CPU
		{DA6CEA8C-EA9E-4905-8A8C-48FFF0F621BE}.Debug|Any CPU.Build.0 = Debug|Any CPU
		{DA6CEA8C-EA9E-4905-8A8C-48FFF0F621BE}.Release|Any CPU.ActiveCfg = Release|Any CPU
		{DA6CEA8C-EA9E-4905-8A8C-48FFF0F621BE}.Release|Any CPU.Build.0 = Release|Any CPU
	EndGlobalSection
	GlobalSection(SolutionProperties) = preSolution
		HideSolutionNode = FALSE
	EndGlobalSection
	GlobalSection(ExtensibilityGlobals) = postSolution
		SolutionGuid = {ED4025E1-698A-4022-A800-F61D0E692E16}
	EndGlobalSection
EndGlobal
